Microsoft Visual Studio Solution File, Format Version 12.00
# Visual Studio Version 16
VisualStudioVersion = 16.0.31624.102
MinimumVisualStudioVersion = 10.0.40219.1
Project("{FAE04EC0-301F-11D3-BF4B-00C04F79EFBC}") = "SpecExplorer", "SpecExplorer.csproj", "{D67C2D2C-8680-41BD-B102-E2F248222EB9}"
EndProject
Global
	GlobalSection(SolutionConfigurationPlatforms) = preSolution
		Debug|Any CPU = Debug|Any CPU
		Release|Any CPU = Release|Any CPU
	EndGlobalSection
	GlobalSection(ProjectConfigurationPlatforms) = postSolution
		{D67C2D2C-8680-41BD-B102-E2F248222EB9}.Debug|Any CPU.ActiveCfg = Debug|Any CPU
		{D67C2D2C-8680-41BD-B102-E2F248222EB9}.Debug|Any CPU.Build.0 = Debug|Any CPU
		{D67C2D2C-8680-41BD-B102-E2F248222EB9}.Release|Any CPU.ActiveCfg = Release|Any CPU
		{D67C2D2C-8680-41BD-B102-E2F248222EB9}.Release|Any CPU.Build.0 = Release|Any CPU
	EndGlobalSection
	GlobalSection(SolutionProperties) = preSolution
		HideSolutionNode = FALSE
	EndGlobalSection
	GlobalSection(ExtensibilityGlobals) = postSolution
		SolutionGuid = {B42947E2-DAC9-4095-B7BA-C1B2CA867AB5}
	EndGlobalSection
EndGlobal
