
Microsoft Visual Studio Solution File, Format Version 11.00
# Visual Studio 2010
Project("{FAE04EC0-301F-11D3-BF4B-00C04F79EFBC}") = "Microsoft.VisualStudio.Shell.10.0", "Microsoft.VisualStudio.Shell.10.0.csproj", "{ADA4052F-2886-42B9-926B-65CC95DF6E4E}"
EndProject
Global
	GlobalSection(SolutionConfigurationPlatforms) = preSolution
		Debug|Any CPU = Debug|Any CPU
		Release|Any CPU = Release|Any CPU
	EndGlobalSection
	GlobalSection(ProjectConfigurationPlatforms) = postSolution
		{ADA4052F-2886-42B9-926B-65CC95DF6E4E}.Debug|Any CPU.ActiveCfg = Debug|Any CPU
		{ADA4052F-2886-42B9-926B-65CC95DF6E4E}.Debug|Any CPU.Build.0 = Debug|Any CPU
		{ADA4052F-2886-42B9-926B-65CC95DF6E4E}.Release|Any CPU.ActiveCfg = Release|Any CPU
		{ADA4052F-2886-42B9-926B-65CC95DF6E4E}.Release|Any CPU.Build.0 = Release|Any CPU
	EndGlobalSection
	GlobalSection(SolutionProperties) = preSolution
		HideSolutionNode = FALSE
	EndGlobalSection
EndGlobal
