
Microsoft Visual Studio Solution File, Format Version 12.00
# Visual Studio Version 16
VisualStudioVersion = 16.0.30523.141
MinimumVisualStudioVersion = 10.0.40219.1
Project("{FAE04EC0-301F-11D3-BF4B-00C04F79EFBC}") = "Microsoft.SpecExplorer.VS.Package", "Microsoft.SpecExplorer.VS.Package\Microsoft.SpecExplorer.VS.Package.csproj", "{2A7CF050-FC43-4425-9A60-61E184F0B33C}"
EndProject
Project("{FAE04EC0-301F-11D3-BF4B-00C04F79EFBC}") = "Microsoft.SpecExplorer.Core", "..\Microsoft.SpecExplorer.Core\Microsoft.SpecExplorer.Core.csproj", "{AF22FD38-5413-4C5F-B81F-DD7F5CFC156E}"
EndProject
Project("{FAE04EC0-301F-11D3-BF4B-00C04F79EFBC}") = "SpecExplorer", "..\Microsoft.SpecExplorer.Commandline\SpecExplorer.csproj", "{6F08196E-FE48-4E65-9FEC-A3EB10D6ADA5}"
EndProject
Project("{FAE04EC0-301F-11D3-BF4B-00C04F79EFBC}") = "SeExplFileDeserializer", "..\SeExplFileDeserializer\SeExplFileDeserializer.csproj", "{D6C4F05E-3D36-4734-90B2-1B3203B65D23}"
EndProject
Project("{FAE04EC0-301F-11D3-BF4B-00C04F79EFBC}") = "Microsoft.SpecExplorer.RequirementCoverageMachineExtension", "..\Microsoft.SpecExplorer.RequirementCoverageMachineExtension\Microsoft.SpecExplorer.RequirementCoverageMachineExtension.csproj", "{75919C57-58B2-41C4-885D-8AA1433AD56B}"
EndProject
Global
	GlobalSection(SolutionConfigurationPlatforms) = preSolution
		Debug|Any CPU = Debug|Any CPU
		Release|Any CPU = Release|Any CPU
	EndGlobalSection
	GlobalSection(ProjectConfigurationPlatforms) = postSolution
		{2A7CF050-FC43-4425-9A60-61E184F0B33C}.Debug|Any CPU.ActiveCfg = Debug|Any CPU
		{2A7CF050-FC43-4425-9A60-61E184F0B33C}.Debug|Any CPU.Build.0 = Debug|Any CPU
		{2A7CF050-FC43-4425-9A60-61E184F0B33C}.Release|Any CPU.ActiveCfg = Release|Any CPU
		{2A7CF050-FC43-4425-9A60-61E184F0B33C}.Release|Any CPU.Build.0 = Release|Any CPU
		{AF22FD38-5413-4C5F-B81F-DD7F5CFC156E}.Debug|Any CPU.ActiveCfg = Debug|Any CPU
		{AF22FD38-5413-4C5F-B81F-DD7F5CFC156E}.Debug|Any CPU.Build.0 = Debug|Any CPU
		{AF22FD38-5413-4C5F-B81F-DD7F5CFC156E}.Release|Any CPU.ActiveCfg = Release|Any CPU
		{AF22FD38-5413-4C5F-B81F-DD7F5CFC156E}.Release|Any CPU.Build.0 = Release|Any CPU
		{6F08196E-FE48-4E65-9FEC-A3EB10D6ADA5}.Debug|Any CPU.ActiveCfg = Debug|Any CPU
		{6F08196E-FE48-4E65-9FEC-A3EB10D6ADA5}.Debug|Any CPU.Build.0 = Debug|Any CPU
		{6F08196E-FE48-4E65-9FEC-A3EB10D6ADA5}.Release|Any CPU.ActiveCfg = Release|Any CPU
		{6F08196E-FE48-4E65-9FEC-A3EB10D6ADA5}.Release|Any CPU.Build.0 = Release|Any CPU
		{D6C4F05E-3D36-4734-90B2-1B3203B65D23}.Debug|Any CPU.ActiveCfg = Debug|Any CPU
		{D6C4F05E-3D36-4734-90B2-1B3203B65D23}.Debug|Any CPU.Build.0 = Debug|Any CPU
		{D6C4F05E-3D36-4734-90B2-1B3203B65D23}.Release|Any CPU.ActiveCfg = Release|Any CPU
		{D6C4F05E-3D36-4734-90B2-1B3203B65D23}.Release|Any CPU.Build.0 = Release|Any CPU
		{75919C57-58B2-41C4-885D-8AA1433AD56B}.Debug|Any CPU.ActiveCfg = Debug|Any CPU
		{75919C57-58B2-41C4-885D-8AA1433AD56B}.Debug|Any CPU.Build.0 = Debug|Any CPU
		{75919C57-58B2-41C4-885D-8AA1433AD56B}.Release|Any CPU.ActiveCfg = Release|Any CPU
		{75919C57-58B2-41C4-885D-8AA1433AD56B}.Release|Any CPU.Build.0 = Release|Any CPU
	EndGlobalSection
	GlobalSection(SolutionProperties) = preSolution
		HideSolutionNode = FALSE
	EndGlobalSection
	GlobalSection(ExtensibilityGlobals) = postSolution
		SolutionGuid = {19DF2D3A-A26D-4B20-8A66-40C362D9B470}
	EndGlobalSection
EndGlobal
